// !$*UTF8*$!
{
	archiveVersion = 1;
	classes = {
	};
	objectVersion = 50;
	objects = {

/* Begin PBXBuildFile section */
		F52D537620A3A14D00A11152 /* AppDelegate.swift in Sources */ = {isa = PBXBuildFile; fileRef = F52D537520A3A14D00A11152 /* AppDelegate.swift */; };
		F52D537820A3A14D00A11152 /* ViewController.swift in Sources */ = {isa = PBXBuildFile; fileRef = F52D537720A3A14D00A11152 /* ViewController.swift */; };
		F52D537B20A3A14D00A11152 /* Main.storyboard in Resources */ = {isa = PBXBuildFile; fileRef = F52D537920A3A14D00A11152 /* Main.storyboard */; };
		F52D537E20A3A14D00A11152 /* conversor_de_divisas.xcdatamodeld in Sources */ = {isa = PBXBuildFile; fileRef = F52D537C20A3A14D00A11152 /* conversor_de_divisas.xcdatamodeld */; };
		F52D538020A3A14E00A11152 /* Assets.xcassets in Resources */ = {isa = PBXBuildFile; fileRef = F52D537F20A3A14E00A11152 /* Assets.xcassets */; };
		F52D538320A3A14E00A11152 /* LaunchScreen.storyboard in Resources */ = {isa = PBXBuildFile; fileRef = F52D538120A3A14E00A11152 /* LaunchScreen.storyboard */; };
/* End PBXBuildFile section */

/* Begin PBXFileReference section */
		F52D537220A3A14D00A11152 /* conversor de divisas.app */ = {isa = PBXFileReference; explicitFileType = wrapper.application; includeInIndex = 0; path = "conversor de divisas.app"; sourceTree = BUILT_PRODUCTS_DIR; };
		F52D537520A3A14D00A11152 /* AppDelegate.swift */ = {isa = PBXFileReference; lastKnownFileType = sourcecode.swift; path = AppDelegate.swift; sourceTree = "<group>"; };
		F52D537720A3A14D00A11152 /* ViewController.swift */ = {isa = PBXFileReference; lastKnownFileType = sourcecode.swift; path = ViewController.swift; sourceTree = "<group>"; };
		F52D537A20A3A14D00A11152 /* Base */ = {isa = PBXFileReference; lastKnownFileType = file.storyboard; name = Base; path = Base.lproj/Main.storyboard; sourceTree = "<group>"; };
		F52D537D20A3A14D00A11152 /* conversor_de_divisas.xcdatamodel */ = {isa = PBXFileReference; lastKnownFileType = wrapper.xcdatamodel; path = conversor_de_divisas.xcdatamodel; sourceTree = "<group>"; };
		F52D537F20A3A14E00A11152 /* Assets.xcassets */ = {isa = PBXFileReference; lastKnownFileType = folder.assetcatalog; path = Assets.xcassets; sourceTree = "<group>"; };
		F52D538220A3A14E00A11152 /* Base */ = {isa = PBXFileReference; lastKnownFileType = file.storyboard; name = Base; path = Base.lproj/LaunchScreen.storyboard; sourceTree = "<group>"; };
		F52D538420A3A14E00A11152 /* Info.plist */ = {isa = PBXFileReference; lastKnownFileType = text.plist.xml; path = Info.plist; sourceTree = "<group>"; };
/* End PBXFileReference section */

/* Begin PBXFrameworksBuildPhase section */
		F52D536F20A3A14D00A11152 /* Frameworks */ = {
			isa = PBXFrameworksBuildPhase;
			buildActionMask = 2147483647;
			files = (
			);
			runOnlyForDeploymentPostprocessing = 0;
		};
/* End PBXFrameworksBuildPhase section */

/* Begin PBXGroup section */
		F52D536920A3A14D00A11152 = {
			isa = PBXGroup;
			children = (
				F52D537420A3A14D00A11152 /* conversor de divisas */,
				F52D537320A3A14D00A11152 /* Products */,
			);
			sourceTree = "<group>";
		};
		F52D537320A3A14D00A11152 /* Products */ = {
			isa = PBXGroup;
			children = (
				F52D537220A3A14D00A11152 /* conversor de divisas.app */,
			);
			name = Products;
			sourceTree = "<group>";
		};
		F52D537420A3A14D00A11152 /* conversor de divisas */ = {
			isa = PBXGroup;
			children = (
				F52D537520A3A14D00A11152 /* AppDelegate.swift */,
				F52D537720A3A14D00A11152 /* ViewController.swift */,
				F52D537920A3A14D00A11152 /* Main.storyboard */,
				F52D537F20A3A14E00A11152 /* Assets.xcassets */,
				F52D538120A3A14E00A11152 /* LaunchScreen.storyboard */,
				F52D538420A3A14E00A11152 /* Info.plist */,
				F52D537C20A3A14D00A11152 /* conversor_de_divisas.xcdatamodeld */,
			);
			path = "conversor de divisas";
			sourceTree = "<group>";
		};
/* End PBXGroup section */

/* Begin PBXNativeTarget section */
		F52D537120A3A14D00A11152 /* conversor de divisas */ = {
			isa = PBXNativeTarget;
			buildConfigurationList = F52D538720A3A14E00A11152 /* Build configuration list for PBXNativeTarget "conversor de divisas" */;
			buildPhases = (
				F52D536E20A3A14D00A11152 /* Sources */,
				F52D536F20A3A14D00A11152 /* Frameworks */,
				F52D537020A3A14D00A11152 /* Resources */,
			);
			buildRules = (
			);
			dependencies = (
			);
			name = "conversor de divisas";
			productName = "conversor de divisas";
			productReference = F52D537220A3A14D00A11152 /* conversor de divisas.app */;
			productType = "com.apple.product-type.application";
		};
/* End PBXNativeTarget section */

/* Begin PBXProject section */
		F52D536A20A3A14D00A11152 /* Project object */ = {
			isa = PBXProject;
			attributes = {
				LastSwiftUpdateCheck = 0930;
				LastUpgradeCheck = 0930;
				ORGANIZATIONNAME = ShibuyaXpress;
				TargetAttributes = {
					F52D537120A3A14D00A11152 = {
						CreatedOnToolsVersion = 9.3;
					};
				};
			};
			buildConfigurationList = F52D536D20A3A14D00A11152 /* Build configuration list for PBXProject "conversor de divisas" */;
			compatibilityVersion = "Xcode 9.3";
			developmentRegion = en;
			hasScannedForEncodings = 0;
			knownRegions = (
				en,
				Base,
			);
			mainGroup = F52D536920A3A14D00A11152;
			productRefGroup = F52D537320A3A14D00A11152 /* Products */;
			projectDirPath = "";
			projectRoot = "";
			targets = (
				F52D537120A3A14D00A11152 /* conversor de divisas */,
			);
		};
/* End PBXProject section */

/* Begin PBXResourcesBuildPhase section */
		F52D537020A3A14D00A11152 /* Resources */ = {
			isa = PBXResourcesBuildPhase;
			buildActionMask = 2147483647;
			files = (
				F52D538320A3A14E00A11152 /* LaunchScreen.storyboard in Resources */,
				F52D538020A3A14E00A11152 /* Assets.xcassets in Resources */,
				F52D537B20A3A14D00A11152 /* Main.storyboard in Resources */,
			);
			runOnlyForDeploymentPostprocessing = 0;
		};
/* End PBXResourcesBuildPhase section */

/* Begin PBXSourcesBuildPhase section */
		F52D536E20A3A14D00A11152 /* Sources */ = {
			isa = PBXSourcesBuildPhase;
			buildActionMask = 2147483647;
			files = (
				F52D537E20A3A14D00A11152 /* conversor_de_divisas.xcdatamodeld in Sources */,
				F52D537820A3A14D00A11152 /* ViewController.swift in Sources */,
				F52D537620A3A14D00A11152 /* AppDelegate.swift in Sources */,
			);
			runOnlyForDeploymentPostprocessing = 0;
		};
/* End PBXSourcesBuildPhase section */

/* Begin PBXVariantGroup section */
		F52D537920A3A14D00A11152 /* Main.storyboard */ = {
			isa = PBXVariantGroup;
			children = (
				F52D537A20A3A14D00A11152 /* Base */,
			);
			name = Main.storyboard;
			sourceTree = "<group>";
		};
		F52D538120A3A14E00A11152 /* LaunchScreen.storyboard */ = {
			isa = PBXVariantGroup;
			children = (
				F52D538220A3A14E00A11152 /* Base */,
			);
			name = LaunchScreen.storyboard;
			sourceTree = "<group>";
		};
/* End PBXVariantGroup section */

/* Begin XCBuildConfiguration section */
		F52D538520A3A14E00A11152 /* Debug */ = {
			isa = XCBuildConfiguration;
			buildSettings = {
				ALWAYS_SEARCH_USER_PATHS = NO;
				CLANG_ANALYZER_NONNULL = YES;
				CLANG_ANALYZER_NUMBER_OBJECT_CONVERSION = YES_AGGRESSIVE;
				CLANG_CXX_LANGUAGE_STANDARD = "gnu++14";
				CLANG_CXX_LIBRARY = "libc++";
				CLANG_ENABLE_MODULES = YES;
				CLANG_ENABLE_OBJC_ARC = YES;
				CLANG_ENABLE_OBJC_WEAK = YES;
				CLANG_WARN_BLOCK_CAPTURE_AUTORELEASING = YES;
				CLANG_WARN_BOOL_CONVERSION = YES;
				CLANG_WARN_COMMA = YES;
				CLANG_WARN_CONSTANT_CONVERSION = YES;
				CLANG_WARN_DEPRECATED_OBJC_IMPLEMENTATIONS = YES;
				CLANG_WARN_DIRECT_OBJC_ISA_USAGE = YES_ERROR;
				CLANG_WARN_DOCUMENTATION_COMMENTS = YES;
				CLANG_WARN_EMPTY_BODY = YES;
				CLANG_WARN_ENUM_CONVERSION = YES;
				CLANG_WARN_INFINITE_RECURSION = YES;
				CLANG_WARN_INT_CONVERSION = YES;
				CLANG_WARN_NON_LITERAL_NULL_CONVERSION = YES;
				CLANG_WARN_OBJC_IMPLICIT_RETAIN_SELF = YES;
				CLANG_WARN_OBJC_LITERAL_CONVERSION = YES;
				CLANG_WARN_OBJC_ROOT_CLASS = YES_ERROR;
				CLANG_WARN_RANGE_LOOP_ANALYSIS = YES;
				CLANG_WARN_STRICT_PROTOTYPES = YES;
				CLANG_WARN_SUSPICIOUS_MOVE = YES;
				CLANG_WARN_UNGUARDED_AVAILABILITY = YES_AGGRESSIVE;
				CLANG_WARN_UNREACHABLE_CODE = YES;
				CLANG_WARN__DUPLICATE_METHOD_MATCH = YES;
				CODE_SIGN_IDENTITY = "iPhone Developer";
				COPY_PHASE_STRIP = NO;
				DEBUG_INFORMATION_FORMAT = dwarf;
				ENABLE_STRICT_OBJC_MSGSEND = YES;
				ENABLE_TESTABILITY = YES;
				GCC_C_LANGUAGE_STANDARD = gnu11;
				GCC_DYNAMIC_NO_PIC = NO;
				GCC_NO_COMMON_BLOCKS = YES;
				GCC_OPTIMIZATION_LEVEL = 0;
				GCC_PREPROCESSOR_DEFINITIONS = (
					"DEBUG=1",
					"$(inherited)",
				);
				GCC_WARN_64_TO_32_BIT_CONVERSION = YES;
				GCC_WARN_ABOUT_RETURN_TYPE = YES_ERROR;
				GCC_WARN_UNDECLARED_SELECTOR = YES;
				GCC_WARN_UNINITIALIZED_AUTOS = YES_AGGRESSIVE;
				GCC_WARN_UNUSED_FUNCTION = YES;
				GCC_WARN_UNUSED_VARIABLE = YES;
				IPHONEOS_DEPLOYMENT_TARGET = 11.3;
				MTL_ENABLE_DEBUG_INFO = YES;
				ONLY_ACTIVE_ARCH = YES;
				SDKROOT = iphoneos;
				SWIFT_ACTIVE_COMPILATION_CONDITIONS = DEBUG;
				SWIFT_OPTIMIZATION_LEVEL = "-Onone";
			};
			name = Debug;
		};
		F52D538620A3A14E00A11152 /* Release */ = {
			isa = XCBuildConfiguration;
			buildSettings = {
				ALWAYS_SEARCH_USER_PATHS = NO;
				CLANG_ANALYZER_NONNULL = YES;
				CLANG_ANALYZER_NUMBER_OBJECT_CONVERSION = YES_AGGRESSIVE;
				CLANG_CXX_LANGUAGE_STANDARD = "gnu++14";
				CLANG_CXX_LIBRARY = "libc++";
				CLANG_ENABLE_MODULES = YES;
				CLANG_ENABLE_OBJC_ARC = YES;
				CLANG_ENABLE_OBJC_WEAK = YES;
				CLANG_WARN_BLOCK_CAPTURE_AUTORELEASING = YES;
				CLANG_WARN_BOOL_CONVERSION = YES;
				CLANG_WARN_COMMA = YES;
				CLANG_WARN_CONSTANT_CONVERSION = YES;
				CLANG_WARN_DEPRECATED_OBJC_IMPLEMENTATIONS = YES;
				CLANG_WARN_DIRECT_OBJC_ISA_USAGE = YES_ERROR;
				CLANG_WARN_DOCUMENTATION_COMMENTS = YES;
				CLANG_WARN_EMPTY_BODY = YES;
				CLANG_WARN_ENUM_CONVERSION = YES;
				CLANG_WARN_INFINITE_RECURSION = YES;
				CLANG_WARN_INT_CONVERSION = YES;
				CLANG_WARN_NON_LITERAL_NULL_CONVERSION = YES;
				CLANG_WARN_OBJC_IMPLICIT_RETAIN_SELF = YES;
				CLANG_WARN_OBJC_LITERAL_CONVERSION = YES;
				CLANG_WARN_OBJC_ROOT_CLASS = YES_ERROR;
				CLANG_WARN_RANGE_LOOP_ANALYSIS = YES;
				CLANG_WARN_STRICT_PROTOTYPES = YES;
				CLANG_WARN_SUSPICIOUS_MOVE = YES;
				CLANG_WARN_UNGUARDED_AVAILABILITY = YES_AGGRESSIVE;
				CLANG_WARN_UNREACHABLE_CODE = YES;
				CLANG_WARN__DUPLICATE_METHOD_MATCH = YES;
				CODE_SIGN_IDENTITY = "iPhone Developer";
				COPY_PHASE_STRIP = NO;
				DEBUG_INFORMATION_FORMAT = "dwarf-with-dsym";
				ENABLE_NS_ASSERTIONS = NO;
				ENABLE_STRICT_OBJC_MSGSEND = YES;
				GCC_C_LANGUAGE_STANDARD = gnu11;
				GCC_NO_COMMON_BLOCKS = YES;
				GCC_WARN_64_TO_32_BIT_CONVERSION = YES;
				GCC_WARN_ABOUT_RETURN_TYPE = YES_ERROR;
				GCC_WARN_UNDECLARED_SELECTOR = YES;
				GCC_WARN_UNINITIALIZED_AUTOS = YES_AGGRESSIVE;
				GCC_WARN_UNUSED_FUNCTION = YES;
				GCC_WARN_UNUSED_VARIABLE = YES;
				IPHONEOS_DEPLOYMENT_TARGET = 11.3;
				MTL_ENABLE_DEBUG_INFO = NO;
				SDKROOT = iphoneos;
				SWIFT_COMPILATION_MODE = wholemodule;
				SWIFT_OPTIMIZATION_LEVEL = "-O";
				VALIDATE_PRODUCT = YES;
			};
			name = Release;
		};
		F52D538820A3A14E00A11152 /* Debug */ = {
			isa = XCBuildConfiguration;
			buildSettings = {
				ASSETCATALOG_COMPILER_APPICON_NAME = AppIcon;
				CODE_SIGN_STYLE = Automatic;
				DEVELOPMENT_TEAM = HRH4BVN79Q;
				INFOPLIST_FILE = "conversor de divisas/Info.plist";
				LD_RUNPATH_SEARCH_PATHS = (
					"$(inherited)",
					"@executable_path/Frameworks",
				);
				PRODUCT_BUNDLE_IDENTIFIER = "com.shibuyaxpress.conversor-de-divisas";
				PRODUCT_NAME = "$(TARGET_NAME)";
				SWIFT_VERSION = 4.0;
				TARGETED_DEVICE_FAMILY = "1,2";
			};
			name = Debug;
		};
		F52D538920A3A14E00A11152 /* Release */ = {
			isa = XCBuildConfiguration;
			buildSettings = {
				ASSETCATALOG_COMPILER_APPICON_NAME = AppIcon;
				CODE_SIGN_STYLE = Automatic;
				DEVELOPMENT_TEAM = HRH4BVN79Q;
				INFOPLIST_FILE = "conversor de divisas/Info.plist";
				LD_RUNPATH_SEARCH_PATHS = (
					"$(inherited)",
					"@executable_path/Frameworks",
				);
				PRODUCT_BUNDLE_IDENTIFIER = "com.shibuyaxpress.conversor-de-divisas";
				PRODUCT_NAME = "$(TARGET_NAME)";
				SWIFT_VERSION = 4.0;
				TARGETED_DEVICE_FAMILY = "1,2";
			};
			name = Release;
		};
/* End XCBuildConfiguration section */

/* Begin XCConfigurationList section */
		F52D536D20A3A14D00A11152 /* Build configuration list for PBXProject "conversor de divisas" */ = {
			isa = XCConfigurationList;
			buildConfigurations = (
				F52D538520A3A14E00A11152 /* Debug */,
				F52D538620A3A14E00A11152 /* Release */,
			);
			defaultConfigurationIsVisible = 0;
			defaultConfigurationName = Release;
		};
		F52D538720A3A14E00A11152 /* Build configuration list for PBXNativeTarget "conversor de divisas" */ = {
			isa = XCConfigurationList;
			buildConfigurations = (
				F52D538820A3A14E00A11152 /* Debug */,
				F52D538920A3A14E00A11152 /* Release */,
			);
			defaultConfigurationIsVisible = 0;
			defaultConfigurationName = Release;
		};
/* End XCConfigurationList section */

/* Begin XCVersionGroup section */
		F52D537C20A3A14D00A11152 /* conversor_de_divisas.xcdatamodeld */ = {
			isa = XCVersionGroup;
			children = (
				F52D537D20A3A14D00A11152 /* conversor_de_divisas.xcdatamodel */,
			);
			currentVersion = F52D537D20A3A14D00A11152 /* conversor_de_divisas.xcdatamodel */;
			path = conversor_de_divisas.xcdatamodeld;
			sourceTree = "<group>";
			versionGroupType = wrapper.xcdatamodel;
		};
/* End XCVersionGroup section */
	};
	rootObject = F52D536A20A3A14D00A11152 /* Project object */;
}
